{
  "name": "MavSearch",
  "version": "1.0.0",
  "lockfileVersion": 1,
  "requires": true,
  "dependencies": {
    "git-cz": {
      "version": "4.3.1",
      "resolved": "https://registry.npmjs.org/git-cz/-/git-cz-4.3.1.tgz",
      "integrity": "sha512-z+mbD76lbra8ml2nMoOoFkQPJ2OQvg6vpZa8d9VzNEvygEQNysgMkzGPBxqFKw1VIwZ/PHoQgAf70BPp9uElJw=="
    }
  }
}
